
Microsoft Visual Studio Solution File, Format Version 10.00
# Visual C# Express 2008
Project("{FAE04EC0-301F-11D3-BF4B-00C04F79EFBC}") = "ValkyrieEngine", "src\ValkyrieEngine\ValkyrieEngine.csproj", "{12722697-BA6D-4EED-8E90-50C6094AA407}"
EndProject
Project("{FAE04EC0-301F-11D3-BF4B-00C04F79EFBC}") = "ValkyrieLibrary", "src\ValkyrieLibrary\ValkyrieLibrary.csproj", "{DA132C5A-D15B-4A39-B4BE-24F2140D3EE0}"
EndProject
Project("{FAE04EC0-301F-11D3-BF4B-00C04F79EFBC}") = "ValkyrieMapEditor", "src\ValkyrieMapEditor\ValkyrieMapEditor.csproj", "{E85239D8-04E9-4881-8A96-2C8AA0FF9F19}"
EndProject
Project("{FAE04EC0-301F-11D3-BF4B-00C04F79EFBC}") = "ValkyrieVideo", "src\ValkyrieVideo\ValkyrieVideo.csproj", "{50F8D7CB-D35B-45E3-824B-35BA03F7D3E6}"
EndProject
Project("{FAE04EC0-301F-11D3-BF4B-00C04F79EFBC}") = "ValkyrieNetwork", "src\ValkyrieNetwork\ValkyrieNetwork.csproj", "{6B5AF197-5051-4543-AEDC-691332649E1B}"
EndProject
Global
	GlobalSection(SolutionConfigurationPlatforms) = preSolution
		Debug|Any CPU = Debug|Any CPU
		Debug|x86 = Debug|x86
		Release|Any CPU = Release|Any CPU
		Release|x86 = Release|x86
	EndGlobalSection
	GlobalSection(ProjectConfigurationPlatforms) = postSolution
		{12722697-BA6D-4EED-8E90-50C6094AA407}.Debug|Any CPU.ActiveCfg = Debug|x86
		{12722697-BA6D-4EED-8E90-50C6094AA407}.Debug|x86.ActiveCfg = Debug|x86
		{12722697-BA6D-4EED-8E90-50C6094AA407}.Debug|x86.Build.0 = Debug|x86
		{12722697-BA6D-4EED-8E90-50C6094AA407}.Release|Any CPU.ActiveCfg = Release|x86
		{12722697-BA6D-4EED-8E90-50C6094AA407}.Release|x86.ActiveCfg = Release|x86
		{12722697-BA6D-4EED-8E90-50C6094AA407}.Release|x86.Build.0 = Release|x86
		{4F88558A-F133-41D3-BD54-107CF0A1DDE5}.Debug|Any CPU.ActiveCfg = Debug|x86
		{4F88558A-F133-41D3-BD54-107CF0A1DDE5}.Debug|x86.ActiveCfg = Debug|x86
		{4F88558A-F133-41D3-BD54-107CF0A1DDE5}.Release|Any CPU.ActiveCfg = Release|x86
		{4F88558A-F133-41D3-BD54-107CF0A1DDE5}.Release|x86.ActiveCfg = Release|x86
		{DA132C5A-D15B-4A39-B4BE-24F2140D3EE0}.Debug|Any CPU.ActiveCfg = Debug|x86
		{DA132C5A-D15B-4A39-B4BE-24F2140D3EE0}.Debug|x86.ActiveCfg = Debug|x86
		{DA132C5A-D15B-4A39-B4BE-24F2140D3EE0}.Debug|x86.Build.0 = Debug|x86
		{DA132C5A-D15B-4A39-B4BE-24F2140D3EE0}.Release|Any CPU.ActiveCfg = Release|x86
		{DA132C5A-D15B-4A39-B4BE-24F2140D3EE0}.Release|x86.ActiveCfg = Release|x86
		{DA132C5A-D15B-4A39-B4BE-24F2140D3EE0}.Release|x86.Build.0 = Release|x86
		{EEEE4B56-4384-4735-B583-D662919FFE4D}.Debug|Any CPU.ActiveCfg = Debug|x86
		{EEEE4B56-4384-4735-B583-D662919FFE4D}.Debug|x86.ActiveCfg = Debug|x86
		{EEEE4B56-4384-4735-B583-D662919FFE4D}.Release|Any CPU.ActiveCfg = Release|x86
		{EEEE4B56-4384-4735-B583-D662919FFE4D}.Release|x86.ActiveCfg = Release|x86
		{E85239D8-04E9-4881-8A96-2C8AA0FF9F19}.Debug|Any CPU.ActiveCfg = Debug|x86
		{E85239D8-04E9-4881-8A96-2C8AA0FF9F19}.Debug|x86.ActiveCfg = Debug|x86
		{E85239D8-04E9-4881-8A96-2C8AA0FF9F19}.Debug|x86.Build.0 = Debug|x86
		{E85239D8-04E9-4881-8A96-2C8AA0FF9F19}.Release|Any CPU.ActiveCfg = Release|x86
		{E85239D8-04E9-4881-8A96-2C8AA0FF9F19}.Release|x86.ActiveCfg = Release|x86
		{E85239D8-04E9-4881-8A96-2C8AA0FF9F19}.Release|x86.Build.0 = Release|x86
		{C7B51154-8C19-4B4B-9641-9BB2A6E3A624}.Debug|Any CPU.ActiveCfg = Debug|x86
		{C7B51154-8C19-4B4B-9641-9BB2A6E3A624}.Debug|x86.ActiveCfg = Debug|x86
		{C7B51154-8C19-4B4B-9641-9BB2A6E3A624}.Release|Any CPU.ActiveCfg = Release|x86
		{C7B51154-8C19-4B4B-9641-9BB2A6E3A624}.Release|x86.ActiveCfg = Release|x86
		{50F8D7CB-D35B-45E3-824B-35BA03F7D3E6}.Debug|Any CPU.ActiveCfg = Debug|x86
		{50F8D7CB-D35B-45E3-824B-35BA03F7D3E6}.Debug|x86.ActiveCfg = Debug|x86
		{50F8D7CB-D35B-45E3-824B-35BA03F7D3E6}.Debug|x86.Build.0 = Debug|x86
		{50F8D7CB-D35B-45E3-824B-35BA03F7D3E6}.Release|Any CPU.ActiveCfg = Release|x86
		{50F8D7CB-D35B-45E3-824B-35BA03F7D3E6}.Release|x86.ActiveCfg = Release|x86
		{50F8D7CB-D35B-45E3-824B-35BA03F7D3E6}.Release|x86.Build.0 = Release|x86
		{315B80FF-5A00-4929-8A25-14B1A96DBB92}.Debug|Any CPU.ActiveCfg = Debug|x86
		{315B80FF-5A00-4929-8A25-14B1A96DBB92}.Debug|x86.ActiveCfg = Debug|x86
		{315B80FF-5A00-4929-8A25-14B1A96DBB92}.Release|Any CPU.ActiveCfg = Release|x86
		{315B80FF-5A00-4929-8A25-14B1A96DBB92}.Release|x86.ActiveCfg = Release|x86
		{6B5AF197-5051-4543-AEDC-691332649E1B}.Debug|Any CPU.ActiveCfg = Debug|Any CPU
		{6B5AF197-5051-4543-AEDC-691332649E1B}.Debug|Any CPU.Build.0 = Debug|Any CPU
		{6B5AF197-5051-4543-AEDC-691332649E1B}.Debug|x86.ActiveCfg = Debug|x86
		{6B5AF197-5051-4543-AEDC-691332649E1B}.Debug|x86.Build.0 = Debug|x86
		{6B5AF197-5051-4543-AEDC-691332649E1B}.Release|Any CPU.ActiveCfg = Release|Any CPU
		{6B5AF197-5051-4543-AEDC-691332649E1B}.Release|Any CPU.Build.0 = Release|Any CPU
		{6B5AF197-5051-4543-AEDC-691332649E1B}.Release|x86.ActiveCfg = Release|x86
		{6B5AF197-5051-4543-AEDC-691332649E1B}.Release|x86.Build.0 = Release|x86
	EndGlobalSection
	GlobalSection(SolutionProperties) = preSolution
		HideSolutionNode = FALSE
	EndGlobalSection
EndGlobal
