
Microsoft Visual Studio Solution File, Format Version 10.00
# Visual Studio 2008
Project("{FAE04EC0-301F-11D3-BF4B-00C04F79EFBC}") = "Valkyrie", "valkyrie\Valkyrie.csproj", "{D79942AD-2D2A-4DE4-A4C8-3D8243214961}"
EndProject
Project("{FAE04EC0-301F-11D3-BF4B-00C04F79EFBC}") = "ValkyrieMapEditor", "ValkyrieMapEditor\ValkyrieMapEditor.csproj", "{E85239D8-04E9-4881-8A96-2C8AA0FF9F19}"
EndProject
Project("{FAE04EC0-301F-11D3-BF4B-00C04F79EFBC}") = "ValkyrieLibrary", "ValkyrieLibrary\ValkyrieLibrary.csproj", "{DA132C5A-D15B-4A39-B4BE-24F2140D3EE0}"
EndProject
Project("{FAE04EC0-301F-11D3-BF4B-00C04F79EFBC}") = "ValkyrieServerMoniter", "ValkyrieServerMonitor\ValkyrieServerMoniter.csproj", "{5A98883E-67BF-43F0-9588-E23F7D3C51EF}"
EndProject
Project("{FAE04EC0-301F-11D3-BF4B-00C04F79EFBC}") = "ValkyrieServerLibrary", "ValkyrieServerLibrary\ValkyrieServerLibrary.csproj", "{D085B565-015D-474B-BA0E-AE3986F3506F}"
EndProject
Project("{FAE04EC0-301F-11D3-BF4B-00C04F79EFBC}") = "ValkyrieVideo", "ValkyrieVideo\ValkyrieVideo.csproj", "{50F8D7CB-D35B-45E3-824B-35BA03F7D3E6}"
EndProject
Project("{FAE04EC0-301F-11D3-BF4B-00C04F79EFBC}") = "ValkyrieNetwork", "ValkyrieNetwork\ValkyrieNetwork.csproj", "{6B5AF197-5051-4543-AEDC-691332649E1B}"
EndProject
Project("{FAE04EC0-301F-11D3-BF4B-00C04F79EFBC}") = "ValkyrieGameServer", "ValkyrieGameServer\ValkyrieGameServer.csproj", "{A79966C2-C5E1-4EDC-96E5-95FEC259B6E2}"
EndProject
Project("{FAE04EC0-301F-11D3-BF4B-00C04F79EFBC}") = "FluentNHibernate", "FluentNHibernate\src\FluentNHibernate\FluentNHibernate.csproj", "{529145D5-6CC3-4016-89B5-826563024AF1}"
EndProject
Project("{FAE04EC0-301F-11D3-BF4B-00C04F79EFBC}") = "ValkyrieEngine", "ValkyrieEngine\ValkyrieEngine.csproj", "{12722697-BA6D-4EED-8E90-50C6094AA407}"
EndProject
Project("{FAE04EC0-301F-11D3-BF4B-00C04F79EFBC}") = "ValkyrieGablarskiBackendProvider", "ValkyrieGablarskiBackendProvider\ValkyrieGablarskiBackendProvider.csproj", "{8E8326AC-08B1-4E6A-BF74-5EC39D7A415A}"
EndProject
Global
	GlobalSection(SolutionConfigurationPlatforms) = preSolution
		Debug|x86 = Debug|x86
		Release|x86 = Release|x86
	EndGlobalSection
	GlobalSection(ProjectConfigurationPlatforms) = postSolution
		{D79942AD-2D2A-4DE4-A4C8-3D8243214961}.Debug|x86.ActiveCfg = Debug|x86
		{D79942AD-2D2A-4DE4-A4C8-3D8243214961}.Debug|x86.Build.0 = Debug|x86
		{D79942AD-2D2A-4DE4-A4C8-3D8243214961}.Release|x86.ActiveCfg = Release|x86
		{D79942AD-2D2A-4DE4-A4C8-3D8243214961}.Release|x86.Build.0 = Release|x86
		{E85239D8-04E9-4881-8A96-2C8AA0FF9F19}.Debug|x86.ActiveCfg = Debug|x86
		{E85239D8-04E9-4881-8A96-2C8AA0FF9F19}.Debug|x86.Build.0 = Debug|x86
		{E85239D8-04E9-4881-8A96-2C8AA0FF9F19}.Release|x86.ActiveCfg = Release|x86
		{E85239D8-04E9-4881-8A96-2C8AA0FF9F19}.Release|x86.Build.0 = Release|x86
		{DA132C5A-D15B-4A39-B4BE-24F2140D3EE0}.Debug|x86.ActiveCfg = Debug|x86
		{DA132C5A-D15B-4A39-B4BE-24F2140D3EE0}.Debug|x86.Build.0 = Debug|x86
		{DA132C5A-D15B-4A39-B4BE-24F2140D3EE0}.Release|x86.ActiveCfg = Release|x86
		{DA132C5A-D15B-4A39-B4BE-24F2140D3EE0}.Release|x86.Build.0 = Release|x86
		{5A98883E-67BF-43F0-9588-E23F7D3C51EF}.Debug|x86.ActiveCfg = Debug|x86
		{5A98883E-67BF-43F0-9588-E23F7D3C51EF}.Debug|x86.Build.0 = Debug|x86
		{5A98883E-67BF-43F0-9588-E23F7D3C51EF}.Release|x86.ActiveCfg = Release|x86
		{5A98883E-67BF-43F0-9588-E23F7D3C51EF}.Release|x86.Build.0 = Release|x86
		{D085B565-015D-474B-BA0E-AE3986F3506F}.Debug|x86.ActiveCfg = Debug|x86
		{D085B565-015D-474B-BA0E-AE3986F3506F}.Debug|x86.Build.0 = Debug|x86
		{D085B565-015D-474B-BA0E-AE3986F3506F}.Release|x86.ActiveCfg = Release|x86
		{D085B565-015D-474B-BA0E-AE3986F3506F}.Release|x86.Build.0 = Release|x86
		{50F8D7CB-D35B-45E3-824B-35BA03F7D3E6}.Debug|x86.ActiveCfg = Debug|x86
		{50F8D7CB-D35B-45E3-824B-35BA03F7D3E6}.Debug|x86.Build.0 = Debug|x86
		{50F8D7CB-D35B-45E3-824B-35BA03F7D3E6}.Release|x86.ActiveCfg = Release|x86
		{50F8D7CB-D35B-45E3-824B-35BA03F7D3E6}.Release|x86.Build.0 = Release|x86
		{6B5AF197-5051-4543-AEDC-691332649E1B}.Debug|x86.ActiveCfg = Debug|x86
		{6B5AF197-5051-4543-AEDC-691332649E1B}.Debug|x86.Build.0 = Debug|x86
		{6B5AF197-5051-4543-AEDC-691332649E1B}.Release|x86.ActiveCfg = Release|x86
		{6B5AF197-5051-4543-AEDC-691332649E1B}.Release|x86.Build.0 = Release|x86
		{A79966C2-C5E1-4EDC-96E5-95FEC259B6E2}.Debug|x86.ActiveCfg = Debug|x86
		{A79966C2-C5E1-4EDC-96E5-95FEC259B6E2}.Debug|x86.Build.0 = Debug|x86
		{A79966C2-C5E1-4EDC-96E5-95FEC259B6E2}.Release|x86.ActiveCfg = Release|x86
		{A79966C2-C5E1-4EDC-96E5-95FEC259B6E2}.Release|x86.Build.0 = Release|x86
		{529145D5-6CC3-4016-89B5-826563024AF1}.Debug|x86.ActiveCfg = Debug|Any CPU
		{529145D5-6CC3-4016-89B5-826563024AF1}.Debug|x86.Build.0 = Debug|Any CPU
		{529145D5-6CC3-4016-89B5-826563024AF1}.Release|x86.ActiveCfg = Release|Any CPU
		{529145D5-6CC3-4016-89B5-826563024AF1}.Release|x86.Build.0 = Release|Any CPU
		{12722697-BA6D-4EED-8E90-50C6094AA407}.Debug|x86.ActiveCfg = Debug|x86
		{12722697-BA6D-4EED-8E90-50C6094AA407}.Debug|x86.Build.0 = Debug|x86
		{12722697-BA6D-4EED-8E90-50C6094AA407}.Release|x86.ActiveCfg = Release|x86
		{12722697-BA6D-4EED-8E90-50C6094AA407}.Release|x86.Build.0 = Release|x86
		{FB1DB1C1-1842-4A27-BE25-013F47C42725}.Debug|x86.ActiveCfg = Debug|x86
		{FB1DB1C1-1842-4A27-BE25-013F47C42725}.Release|x86.ActiveCfg = Release|x86
		{C7B51154-8C19-4B4B-9641-9BB2A6E3A624}.Debug|x86.ActiveCfg = Debug|x86
		{C7B51154-8C19-4B4B-9641-9BB2A6E3A624}.Release|x86.ActiveCfg = Release|x86
		{EEEE4B56-4384-4735-B583-D662919FFE4D}.Debug|x86.ActiveCfg = Debug|x86
		{EEEE4B56-4384-4735-B583-D662919FFE4D}.Release|x86.ActiveCfg = Release|x86
		{315B80FF-5A00-4929-8A25-14B1A96DBB92}.Debug|x86.ActiveCfg = Debug|x86
		{315B80FF-5A00-4929-8A25-14B1A96DBB92}.Release|x86.ActiveCfg = Release|x86
		{4F88558A-F133-41D3-BD54-107CF0A1DDE5}.Debug|x86.ActiveCfg = Debug|x86
		{4F88558A-F133-41D3-BD54-107CF0A1DDE5}.Release|x86.ActiveCfg = Release|x86
		{8E8326AC-08B1-4E6A-BF74-5EC39D7A415A}.Debug|x86.ActiveCfg = Debug|x86
		{8E8326AC-08B1-4E6A-BF74-5EC39D7A415A}.Debug|x86.Build.0 = Debug|x86
		{8E8326AC-08B1-4E6A-BF74-5EC39D7A415A}.Release|x86.ActiveCfg = Release|Any CPU
	EndGlobalSection
	GlobalSection(SolutionProperties) = preSolution
		HideSolutionNode = FALSE
	EndGlobalSection
EndGlobal
